// !$*UTF8*$!
{
	archiveVersion = 1;
	classes = {
	};
	objectVersion = 46;
	objects = {

/* Begin PBXBuildFile section */
		709E90671E31B52B00D8B47D /* AppDelegate.swift in Sources */ = {isa = PBXBuildFile; fileRef = 709E90661E31B52B00D8B47D /* AppDelegate.swift */; };
		709E90691E31B52B00D8B47D /* ViewController.swift in Sources */ = {isa = PBXBuildFile; fileRef = 709E90681E31B52B00D8B47D /* ViewController.swift */; };
		709E906C1E31B52B00D8B47D /* Main.storyboard in Resources */ = {isa = PBXBuildFile; fileRef = 709E906A1E31B52B00D8B47D /* Main.storyboard */; };
		709E906E1E31B52B00D8B47D /* Assets.xcassets in Resources */ = {isa = PBXBuildFile; fileRef = 709E906D1E31B52B00D8B47D /* Assets.xcassets */; };
		709E90711E31B52B00D8B47D /* LaunchScreen.storyboard in Resources */ = {isa = PBXBuildFile; fileRef = 709E906F1E31B52B00D8B47D /* LaunchScreen.storyboard */; };
		709E907C1E31B52C00D8B47D /* KeyframeAnimationTests.swift in Sources */ = {isa = PBXBuildFile; fileRef = 709E907B1E31B52C00D8B47D /* KeyframeAnimationTests.swift */; };
		709E90871E31B52C00D8B47D /* KeyframeAnimationUITests.swift in Sources */ = {isa = PBXBuildFile; fileRef = 709E90861E31B52C00D8B47D /* KeyframeAnimationUITests.swift */; };
		709E90951E31B55A00D8B47D /* AnimationManager.swift in Sources */ = {isa = PBXBuildFile; fileRef = 709E90941E31B55A00D8B47D /* AnimationManager.swift */; };
/* End PBXBuildFile section */

/* Begin PBXContainerItemProxy section */
		709E90781E31B52C00D8B47D /* PBXContainerItemProxy */ = {
			isa = PBXContainerItemProxy;
			containerPortal = 709E905B1E31B52B00D8B47D /* Project object */;
			proxyType = 1;
			remoteGlobalIDString = 709E90621E31B52B00D8B47D;
			remoteInfo = KeyframeAnimation;
		};
		709E90831E31B52C00D8B47D /* PBXContainerItemProxy */ = {
			isa = PBXContainerItemProxy;
			containerPortal = 709E905B1E31B52B00D8B47D /* Project object */;
			proxyType = 1;
			remoteGlobalIDString = 709E90621E31B52B00D8B47D;
			remoteInfo = KeyframeAnimation;
		};
/* End PBXContainerItemProxy section */

/* Begin PBXFileReference section */
		709E90631E31B52B00D8B47D /* KeyframeAnimation.app */ = {isa = PBXFileReference; explicitFileType = wrapper.application; includeInIndex = 0; path = KeyframeAnimation.app; sourceTree = BUILT_PRODUCTS_DIR; };
		709E90661E31B52B00D8B47D /* AppDelegate.swift */ = {isa = PBXFileReference; lastKnownFileType = sourcecode.swift; path = AppDelegate.swift; sourceTree = "<group>"; };
		709E90681E31B52B00D8B47D /* ViewController.swift */ = {isa = PBXFileReference; lastKnownFileType = sourcecode.swift; path = ViewController.swift; sourceTree = "<group>"; };
		709E906B1E31B52B00D8B47D /* Base */ = {isa = PBXFileReference; lastKnownFileType = file.storyboard; name = Base; path = Base.lproj/Main.storyboard; sourceTree = "<group>"; };
		709E906D1E31B52B00D8B47D /* Assets.xcassets */ = {isa = PBXFileReference; lastKnownFileType = folder.assetcatalog; path = Assets.xcassets; sourceTree = "<group>"; };
		709E90701E31B52B00D8B47D /* Base */ = {isa = PBXFileReference; lastKnownFileType = file.storyboard; name = Base; path = Base.lproj/LaunchScreen.storyboard; sourceTree = "<group>"; };
		709E90721E31B52B00D8B47D /* Info.plist */ = {isa = PBXFileReference; lastKnownFileType = text.plist.xml; path = Info.plist; sourceTree = "<group>"; };
		709E90771E31B52C00D8B47D /* KeyframeAnimationTests.xctest */ = {isa = PBXFileReference; explicitFileType = wrapper.cfbundle; includeInIndex = 0; path = KeyframeAnimationTests.xctest; sourceTree = BUILT_PRODUCTS_DIR; };
		709E907B1E31B52C00D8B47D /* KeyframeAnimationTests.swift */ = {isa = PBXFileReference; lastKnownFileType = sourcecode.swift; path = KeyframeAnimationTests.swift; sourceTree = "<group>"; };
		709E907D1E31B52C00D8B47D /* Info.plist */ = {isa = PBXFileReference; lastKnownFileType = text.plist.xml; path = Info.plist; sourceTree = "<group>"; };
		709E90821E31B52C00D8B47D /* KeyframeAnimationUITests.xctest */ = {isa = PBXFileReference; explicitFileType = wrapper.cfbundle; includeInIndex = 0; path = KeyframeAnimationUITests.xctest; sourceTree = BUILT_PRODUCTS_DIR; };
		709E90861E31B52C00D8B47D /* KeyframeAnimationUITests.swift */ = {isa = PBXFileReference; lastKnownFileType = sourcecode.swift; path = KeyframeAnimationUITests.swift; sourceTree = "<group>"; };
		709E90881E31B52C00D8B47D /* Info.plist */ = {isa = PBXFileReference; lastKnownFileType = text.plist.xml; path = Info.plist; sourceTree = "<group>"; };
		709E90941E31B55A00D8B47D /* AnimationManager.swift */ = {isa = PBXFileReference; fileEncoding = 4; lastKnownFileType = sourcecode.swift; path = AnimationManager.swift; sourceTree = "<group>"; };
/* End PBXFileReference section */

/* Begin PBXFrameworksBuildPhase section */
		709E90601E31B52B00D8B47D /* Frameworks */ = {
			isa = PBXFrameworksBuildPhase;
			buildActionMask = 2147483647;
			files = (
			);
			runOnlyForDeploymentPostprocessing = 0;
		};
		709E90741E31B52C00D8B47D /* Frameworks */ = {
			isa = PBXFrameworksBuildPhase;
			buildActionMask = 2147483647;
			files = (
			);
			runOnlyForDeploymentPostprocessing = 0;
		};
		709E907F1E31B52C00D8B47D /* Frameworks */ = {
			isa = PBXFrameworksBuildPhase;
			buildActionMask = 2147483647;
			files = (
			);
			runOnlyForDeploymentPostprocessing = 0;
		};
/* End PBXFrameworksBuildPhase section */

/* Begin PBXGroup section */
		709E905A1E31B52B00D8B47D = {
			isa = PBXGroup;
			children = (
				709E90651E31B52B00D8B47D /* KeyframeAnimation */,
				709E907A1E31B52C00D8B47D /* KeyframeAnimationTests */,
				709E90851E31B52C00D8B47D /* KeyframeAnimationUITests */,
				709E90641E31B52B00D8B47D /* Products */,
			);
			sourceTree = "<group>";
		};
		709E90641E31B52B00D8B47D /* Products */ = {
			isa = PBXGroup;
			children = (
				709E90631E31B52B00D8B47D /* KeyframeAnimation.app */,
				709E90771E31B52C00D8B47D /* KeyframeAnimationTests.xctest */,
				709E90821E31B52C00D8B47D /* KeyframeAnimationUITests.xctest */,
			);
			name = Products;
			sourceTree = "<group>";
		};
		709E90651E31B52B00D8B47D /* KeyframeAnimation */ = {
			isa = PBXGroup;
			children = (
				709E90661E31B52B00D8B47D /* AppDelegate.swift */,
				709E90681E31B52B00D8B47D /* ViewController.swift */,
				709E90941E31B55A00D8B47D /* AnimationManager.swift */,
				709E906A1E31B52B00D8B47D /* Main.storyboard */,
				709E906D1E31B52B00D8B47D /* Assets.xcassets */,
				709E906F1E31B52B00D8B47D /* LaunchScreen.storyboard */,
				709E90721E31B52B00D8B47D /* Info.plist */,
			);
			path = KeyframeAnimation;
			sourceTree = "<group>";
		};
		709E907A1E31B52C00D8B47D /* KeyframeAnimationTests */ = {
			isa = PBXGroup;
			children = (
				709E907B1E31B52C00D8B47D /* KeyframeAnimationTests.swift */,
				709E907D1E31B52C00D8B47D /* Info.plist */,
			);
			path = KeyframeAnimationTests;
			sourceTree = "<group>";
		};
		709E90851E31B52C00D8B47D /* KeyframeAnimationUITests */ = {
			isa = PBXGroup;
			children = (
				709E90861E31B52C00D8B47D /* KeyframeAnimationUITests.swift */,
				709E90881E31B52C00D8B47D /* Info.plist */,
			);
			path = KeyframeAnimationUITests;
			sourceTree = "<group>";
		};
/* End PBXGroup section */

/* Begin PBXNativeTarget section */
		709E90621E31B52B00D8B47D /* KeyframeAnimation */ = {
			isa = PBXNativeTarget;
			buildConfigurationList = 709E908B1E31B52C00D8B47D /* Build configuration list for PBXNativeTarget "KeyframeAnimation" */;
			buildPhases = (
				709E905F1E31B52B00D8B47D /* Sources */,
				709E90601E31B52B00D8B47D /* Frameworks */,
				709E90611E31B52B00D8B47D /* Resources */,
			);
			buildRules = (
			);
			dependencies = (
			);
			name = KeyframeAnimation;
			productName = KeyframeAnimation;
			productReference = 709E90631E31B52B00D8B47D /* KeyframeAnimation.app */;
			productType = "com.apple.product-type.application";
		};
		709E90761E31B52C00D8B47D /* KeyframeAnimationTests */ = {
			isa = PBXNativeTarget;
			buildConfigurationList = 709E908E1E31B52C00D8B47D /* Build configuration list for PBXNativeTarget "KeyframeAnimationTests" */;
			buildPhases = (
				709E90731E31B52C00D8B47D /* Sources */,
				709E90741E31B52C00D8B47D /* Frameworks */,
				709E90751E31B52C00D8B47D /* Resources */,
			);
			buildRules = (
			);
			dependencies = (
				709E90791E31B52C00D8B47D /* PBXTargetDependency */,
			);
			name = KeyframeAnimationTests;
			productName = KeyframeAnimationTests;
			productReference = 709E90771E31B52C00D8B47D /* KeyframeAnimationTests.xctest */;
			productType = "com.apple.product-type.bundle.unit-test";
		};
		709E90811E31B52C00D8B47D /* KeyframeAnimationUITests */ = {
			isa = PBXNativeTarget;
			buildConfigurationList = 709E90911E31B52C00D8B47D /* Build configuration list for PBXNativeTarget "KeyframeAnimationUITests" */;
			buildPhases = (
				709E907E1E31B52C00D8B47D /* Sources */,
				709E907F1E31B52C00D8B47D /* Frameworks */,
				709E90801E31B52C00D8B47D /* Resources */,
			);
			buildRules = (
			);
			dependencies = (
				709E90841E31B52C00D8B47D /* PBXTargetDependency */,
			);
			name = KeyframeAnimationUITests;
			productName = KeyframeAnimationUITests;
			productReference = 709E90821E31B52C00D8B47D /* KeyframeAnimationUITests.xctest */;
			productType = "com.apple.product-type.bundle.ui-testing";
		};
/* End PBXNativeTarget section */

/* Begin PBXProject section */
		709E905B1E31B52B00D8B47D /* Project object */ = {
			isa = PBXProject;
			attributes = {
				LastSwiftUpdateCheck = 0820;
				LastUpgradeCheck = 0820;
				ORGANIZATIONNAME = "黄露";
				TargetAttributes = {
					709E90621E31B52B00D8B47D = {
						CreatedOnToolsVersion = 8.2.1;
						ProvisioningStyle = Automatic;
					};
					709E90761E31B52C00D8B47D = {
						CreatedOnToolsVersion = 8.2.1;
						ProvisioningStyle = Automatic;
						TestTargetID = 709E90621E31B52B00D8B47D;
					};
					709E90811E31B52C00D8B47D = {
						CreatedOnToolsVersion = 8.2.1;
						ProvisioningStyle = Automatic;
						TestTargetID = 709E90621E31B52B00D8B47D;
					};
				};
			};
			buildConfigurationList = 709E905E1E31B52B00D8B47D /* Build configuration list for PBXProject "KeyframeAnimation" */;
			compatibilityVersion = "Xcode 3.2";
			developmentRegion = English;
			hasScannedForEncodings = 0;
			knownRegions = (
				en,
				Base,
			);
			mainGroup = 709E905A1E31B52B00D8B47D;
			productRefGroup = 709E90641E31B52B00D8B47D /* Products */;
			projectDirPath = "";
			projectRoot = "";
			targets = (
				709E90621E31B52B00D8B47D /* KeyframeAnimation */,
				709E90761E31B52C00D8B47D /* KeyframeAnimationTests */,
				709E90811E31B52C00D8B47D /* KeyframeAnimationUITests */,
			);
		};
/* End PBXProject section */

/* Begin PBXResourcesBuildPhase section */
		709E90611E31B52B00D8B47D /* Resources */ = {
			isa = PBXResourcesBuildPhase;
			buildActionMask = 2147483647;
			files = (
				709E90711E31B52B00D8B47D /* LaunchScreen.storyboard in Resources */,
				709E906E1E31B52B00D8B47D /* Assets.xcassets in Resources */,
				709E906C1E31B52B00D8B47D /* Main.storyboard in Resources */,
			);
			runOnlyForDeploymentPostprocessing = 0;
		};
		709E90751E31B52C00D8B47D /* Resources */ = {
			isa = PBXResourcesBuildPhase;
			buildActionMask = 2147483647;
			files = (
			);
			runOnlyForDeploymentPostprocessing = 0;
		};
		709E90801E31B52C00D8B47D /* Resources */ = {
			isa = PBXResourcesBuildPhase;
			buildActionMask = 2147483647;
			files = (
			);
			runOnlyForDeploymentPostprocessing = 0;
		};
/* End PBXResourcesBuildPhase section */

/* Begin PBXSourcesBuildPhase section */
		709E905F1E31B52B00D8B47D /* Sources */ = {
			isa = PBXSourcesBuildPhase;
			buildActionMask = 2147483647;
			files = (
				709E90951E31B55A00D8B47D /* AnimationManager.swift in Sources */,
				709E90691E31B52B00D8B47D /* ViewController.swift in Sources */,
				709E90671E31B52B00D8B47D /* AppDelegate.swift in Sources */,
			);
			runOnlyForDeploymentPostprocessing = 0;
		};
		709E90731E31B52C00D8B47D /* Sources */ = {
			isa = PBXSourcesBuildPhase;
			buildActionMask = 2147483647;
			files = (
				709E907C1E31B52C00D8B47D /* KeyframeAnimationTests.swift in Sources */,
			);
			runOnlyForDeploymentPostprocessing = 0;
		};
		709E907E1E31B52C00D8B47D /* Sources */ = {
			isa = PBXSourcesBuildPhase;
			buildActionMask = 2147483647;
			files = (
				709E90871E31B52C00D8B47D /* KeyframeAnimationUITests.swift in Sources */,
			);
			runOnlyForDeploymentPostprocessing = 0;
		};
/* End PBXSourcesBuildPhase section */

/* Begin PBXTargetDependency section */
		709E90791E31B52C00D8B47D /* PBXTargetDependency */ = {
			isa = PBXTargetDependency;
			target = 709E90621E31B52B00D8B47D /* KeyframeAnimation */;
			targetProxy = 709E90781E31B52C00D8B47D /* PBXContainerItemProxy */;
		};
		709E90841E31B52C00D8B47D /* PBXTargetDependency */ = {
			isa = PBXTargetDependency;
			target = 709E90621E31B52B00D8B47D /* KeyframeAnimation */;
			targetProxy = 709E90831E31B52C00D8B47D /* PBXContainerItemProxy */;
		};
/* End PBXTargetDependency section */

/* Begin PBXVariantGroup section */
		709E906A1E31B52B00D8B47D /* Main.storyboard */ = {
			isa = PBXVariantGroup;
			children = (
				709E906B1E31B52B00D8B47D /* Base */,
			);
			name = Main.storyboard;
			sourceTree = "<group>";
		};
		709E906F1E31B52B00D8B47D /* LaunchScreen.storyboard */ = {
			isa = PBXVariantGroup;
			children = (
				709E90701E31B52B00D8B47D /* Base */,
			);
			name = LaunchScreen.storyboard;
			sourceTree = "<group>";
		};
/* End PBXVariantGroup section */

/* Begin XCBuildConfiguration section */
		709E90891E31B52C00D8B47D /* Debug */ = {
			isa = XCBuildConfiguration;
			buildSettings = {
				ALWAYS_SEARCH_USER_PATHS = NO;
				CLANG_ANALYZER_NONNULL = YES;
				CLANG_CXX_LANGUAGE_STANDARD = "gnu++0x";
				CLANG_CXX_LIBRARY = "libc++";
				CLANG_ENABLE_MODULES = YES;
				CLANG_ENABLE_OBJC_ARC = YES;
				CLANG_WARN_BOOL_CONVERSION = YES;
				CLANG_WARN_CONSTANT_CONVERSION = YES;
				CLANG_WARN_DIRECT_OBJC_ISA_USAGE = YES_ERROR;
				CLANG_WARN_DOCUMENTATION_COMMENTS = YES;
				CLANG_WARN_EMPTY_BODY = YES;
				CLANG_WARN_ENUM_CONVERSION = YES;
				CLANG_WARN_INFINITE_RECURSION = YES;
				CLANG_WARN_INT_CONVERSION = YES;
				CLANG_WARN_OBJC_ROOT_CLASS = YES_ERROR;
				CLANG_WARN_SUSPICIOUS_MOVE = YES;
				CLANG_WARN_UNREACHABLE_CODE = YES;
				CLANG_WARN__DUPLICATE_METHOD_MATCH = YES;
				"CODE_SIGN_IDENTITY[sdk=iphoneos*]" = "iPhone Developer";
				COPY_PHASE_STRIP = NO;
				DEBUG_INFORMATION_FORMAT = dwarf;
				ENABLE_STRICT_OBJC_MSGSEND = YES;
				ENABLE_TESTABILITY = YES;
				GCC_C_LANGUAGE_STANDARD = gnu99;
				GCC_DYNAMIC_NO_PIC = NO;
				GCC_NO_COMMON_BLOCKS = YES;
				GCC_OPTIMIZATION_LEVEL = 0;
				GCC_PREPROCESSOR_DEFINITIONS = (
					"DEBUG=1",
					"$(inherited)",
				);
				GCC_WARN_64_TO_32_BIT_CONVERSION = YES;
				GCC_WARN_ABOUT_RETURN_TYPE = YES_ERROR;
				GCC_WARN_UNDECLARED_SELECTOR = YES;
				GCC_WARN_UNINITIALIZED_AUTOS = YES_AGGRESSIVE;
				GCC_WARN_UNUSED_FUNCTION = YES;
				GCC_WARN_UNUSED_VARIABLE = YES;
				IPHONEOS_DEPLOYMENT_TARGET = 10.2;
				MTL_ENABLE_DEBUG_INFO = YES;
				ONLY_ACTIVE_ARCH = YES;
				SDKROOT = iphoneos;
				SWIFT_ACTIVE_COMPILATION_CONDITIONS = DEBUG;
				SWIFT_OPTIMIZATION_LEVEL = "-Onone";
				TARGETED_DEVICE_FAMILY = "1,2";
			};
			name = Debug;
		};
		709E908A1E31B52C00D8B47D /* Release */ = {
			isa = XCBuildConfiguration;
			buildSettings = {
				ALWAYS_SEARCH_USER_PATHS = NO;
				CLANG_ANALYZER_NONNULL = YES;
				CLANG_CXX_LANGUAGE_STANDARD = "gnu++0x";
				CLANG_CXX_LIBRARY = "libc++";
				CLANG_ENABLE_MODULES = YES;
				CLANG_ENABLE_OBJC_ARC = YES;
				CLANG_WARN_BOOL_CONVERSION = YES;
				CLANG_WARN_CONSTANT_CONVERSION = YES;
				CLANG_WARN_DIRECT_OBJC_ISA_USAGE = YES_ERROR;
				CLANG_WARN_DOCUMENTATION_COMMENTS = YES;
				CLANG_WARN_EMPTY_BODY = YES;
				CLANG_WARN_ENUM_CONVERSION = YES;
				CLANG_WARN_INFINITE_RECURSION = YES;
				CLANG_WARN_INT_CONVERSION = YES;
				CLANG_WARN_OBJC_ROOT_CLASS = YES_ERROR;
				CLANG_WARN_SUSPICIOUS_MOVE = YES;
				CLANG_WARN_UNREACHABLE_CODE = YES;
				CLANG_WARN__DUPLICATE_METHOD_MATCH = YES;
				"CODE_SIGN_IDENTITY[sdk=iphoneos*]" = "iPhone Developer";
				COPY_PHASE_STRIP = NO;
				DEBUG_INFORMATION_FORMAT = "dwarf-with-dsym";
				ENABLE_NS_ASSERTIONS = NO;
				ENABLE_STRICT_OBJC_MSGSEND = YES;
				GCC_C_LANGUAGE_STANDARD = gnu99;
				GCC_NO_COMMON_BLOCKS = YES;
				GCC_WARN_64_TO_32_BIT_CONVERSION = YES;
				GCC_WARN_ABOUT_RETURN_TYPE = YES_ERROR;
				GCC_WARN_UNDECLARED_SELECTOR = YES;
				GCC_WARN_UNINITIALIZED_AUTOS = YES_AGGRESSIVE;
				GCC_WARN_UNUSED_FUNCTION = YES;
				GCC_WARN_UNUSED_VARIABLE = YES;
				IPHONEOS_DEPLOYMENT_TARGET = 10.2;
				MTL_ENABLE_DEBUG_INFO = NO;
				SDKROOT = iphoneos;
				SWIFT_OPTIMIZATION_LEVEL = "-Owholemodule";
				TARGETED_DEVICE_FAMILY = "1,2";
				VALIDATE_PRODUCT = YES;
			};
			name = Release;
		};
		709E908C1E31B52C00D8B47D /* Debug */ = {
			isa = XCBuildConfiguration;
			buildSettings = {
				ASSETCATALOG_COMPILER_APPICON_NAME = AppIcon;
				INFOPLIST_FILE = KeyframeAnimation/Info.plist;
				LD_RUNPATH_SEARCH_PATHS = "$(inherited) @executable_path/Frameworks";
				PRODUCT_BUNDLE_IDENTIFIER = zlzf.com.KeyframeAnimation;
				PRODUCT_NAME = "$(TARGET_NAME)";
				SWIFT_VERSION = 3.0;
			};
			name = Debug;
		};
		709E908D1E31B52C00D8B47D /* Release */ = {
			isa = XCBuildConfiguration;
			buildSettings = {
				ASSETCATALOG_COMPILER_APPICON_NAME = AppIcon;
				INFOPLIST_FILE = KeyframeAnimation/Info.plist;
				LD_RUNPATH_SEARCH_PATHS = "$(inherited) @executable_path/Frameworks";
				PRODUCT_BUNDLE_IDENTIFIER = zlzf.com.KeyframeAnimation;
				PRODUCT_NAME = "$(TARGET_NAME)";
				SWIFT_VERSION = 3.0;
			};
			name = Release;
		};
		709E908F1E31B52C00D8B47D /* Debug */ = {
			isa = XCBuildConfiguration;
			buildSettings = {
				ALWAYS_EMBED_SWIFT_STANDARD_LIBRARIES = YES;
				BUNDLE_LOADER = "$(TEST_HOST)";
				INFOPLIST_FILE = KeyframeAnimationTests/Info.plist;
				LD_RUNPATH_SEARCH_PATHS = "$(inherited) @executable_path/Frameworks @loader_path/Frameworks";
				PRODUCT_BUNDLE_IDENTIFIER = zlzf.com.KeyframeAnimationTests;
				PRODUCT_NAME = "$(TARGET_NAME)";
				SWIFT_VERSION = 3.0;
				TEST_HOST = "$(BUILT_PRODUCTS_DIR)/KeyframeAnimation.app/KeyframeAnimation";
			};
			name = Debug;
		};
		709E90901E31B52C00D8B47D /* Release */ = {
			isa = XCBuildConfiguration;
			buildSettings = {
				ALWAYS_EMBED_SWIFT_STANDARD_LIBRARIES = YES;
				BUNDLE_LOADER = "$(TEST_HOST)";
				INFOPLIST_FILE = KeyframeAnimationTests/Info.plist;
				LD_RUNPATH_SEARCH_PATHS = "$(inherited) @executable_path/Frameworks @loader_path/Frameworks";
				PRODUCT_BUNDLE_IDENTIFIER = zlzf.com.KeyframeAnimationTests;
				PRODUCT_NAME = "$(TARGET_NAME)";
				SWIFT_VERSION = 3.0;
				TEST_HOST = "$(BUILT_PRODUCTS_DIR)/KeyframeAnimation.app/KeyframeAnimation";
			};
			name = Release;
		};
		709E90921E31B52C00D8B47D /* Debug */ = {
			isa = XCBuildConfiguration;
			buildSettings = {
				ALWAYS_EMBED_SWIFT_STANDARD_LIBRARIES = YES;
				INFOPLIST_FILE = KeyframeAnimationUITests/Info.plist;
				LD_RUNPATH_SEARCH_PATHS = "$(inherited) @executable_path/Frameworks @loader_path/Frameworks";
				PRODUCT_BUNDLE_IDENTIFIER = zlzf.com.KeyframeAnimationUITests;
				PRODUCT_NAME = "$(TARGET_NAME)";
				SWIFT_VERSION = 3.0;
				TEST_TARGET_NAME = KeyframeAnimation;
			};
			name = Debug;
		};
		709E90931E31B52C00D8B47D /* Release */ = {
			isa = XCBuildConfiguration;
			buildSettings = {
				ALWAYS_EMBED_SWIFT_STANDARD_LIBRARIES = YES;
				INFOPLIST_FILE = KeyframeAnimationUITests/Info.plist;
				LD_RUNPATH_SEARCH_PATHS = "$(inherited) @executable_path/Frameworks @loader_path/Frameworks";
				PRODUCT_BUNDLE_IDENTIFIER = zlzf.com.KeyframeAnimationUITests;
				PRODUCT_NAME = "$(TARGET_NAME)";
				SWIFT_VERSION = 3.0;
				TEST_TARGET_NAME = KeyframeAnimation;
			};
			name = Release;
		};
/* End XCBuildConfiguration section */

/* Begin XCConfigurationList section */
		709E905E1E31B52B00D8B47D /* Build configuration list for PBXProject "KeyframeAnimation" */ = {
			isa = XCConfigurationList;
			buildConfigurations = (
				709E90891E31B52C00D8B47D /* Debug */,
				709E908A1E31B52C00D8B47D /* Release */,
			);
			defaultConfigurationIsVisible = 0;
			defaultConfigurationName = Release;
		};
		709E908B1E31B52C00D8B47D /* Build configuration list for PBXNativeTarget "KeyframeAnimation" */ = {
			isa = XCConfigurationList;
			buildConfigurations = (
				709E908C1E31B52C00D8B47D /* Debug */,
				709E908D1E31B52C00D8B47D /* Release */,
			);
			defaultConfigurationIsVisible = 0;
		};
		709E908E1E31B52C00D8B47D /* Build configuration list for PBXNativeTarget "KeyframeAnimationTests" */ = {
			isa = XCConfigurationList;
			buildConfigurations = (
				709E908F1E31B52C00D8B47D /* Debug */,
				709E90901E31B52C00D8B47D /* Release */,
			);
			defaultConfigurationIsVisible = 0;
		};
		709E90911E31B52C00D8B47D /* Build configuration list for PBXNativeTarget "KeyframeAnimationUITests" */ = {
			isa = XCConfigurationList;
			buildConfigurations = (
				709E90921E31B52C00D8B47D /* Debug */,
				709E90931E31B52C00D8B47D /* Release */,
			);
			defaultConfigurationIsVisible = 0;
		};
/* End XCConfigurationList section */
	};
	rootObject = 709E905B1E31B52B00D8B47D /* Project object */;
}
